
Microsoft Visual Studio Solution File, Format Version 12.00
# Visual Studio 14
VisualStudioVersion = 14.0.23107.0
MinimumVisualStudioVersion = 10.0.40219.1
Project("{FAE04EC0-301F-11D3-BF4B-00C04F79EFBC}") = "IPAddressFiltering", "IPAddressFiltering\IPAddressFiltering.csproj", "{994B7858-713F-4CDA-91E7-1F4D0B49AB03}"
EndProject
Project("{FAE04EC0-301F-11D3-BF4B-00C04F79EFBC}") = "IPAddressFiltering.Testing", "IPAddressFiltering.Testing\IPAddressFiltering.Testing.csproj", "{594F8490-7F39-44DD-AFF8-ED7DD36D974A}"
EndProject
Global
	GlobalSection(SolutionConfigurationPlatforms) = preSolution
		Debug|Any CPU = Debug|Any CPU
		Release|Any CPU = Release|Any CPU
	EndGlobalSection
	GlobalSection(ProjectConfigurationPlatforms) = postSolution
		{994B7858-713F-4CDA-91E7-1F4D0B49AB03}.Debug|Any CPU.ActiveCfg = Debug|Any CPU
		{994B7858-713F-4CDA-91E7-1F4D0B49AB03}.Debug|Any CPU.Build.0 = Debug|Any CPU
		{994B7858-713F-4CDA-91E7-1F4D0B49AB03}.Release|Any CPU.ActiveCfg = Release|Any CPU
		{994B7858-713F-4CDA-91E7-1F4D0B49AB03}.Release|Any CPU.Build.0 = Release|Any CPU
		{594F8490-7F39-44DD-AFF8-ED7DD36D974A}.Debug|Any CPU.ActiveCfg = Debug|Any CPU
		{594F8490-7F39-44DD-AFF8-ED7DD36D974A}.Debug|Any CPU.Build.0 = Debug|Any CPU
		{594F8490-7F39-44DD-AFF8-ED7DD36D974A}.Release|Any CPU.ActiveCfg = Release|Any CPU
		{594F8490-7F39-44DD-AFF8-ED7DD36D974A}.Release|Any CPU.Build.0 = Release|Any CPU
	EndGlobalSection
	GlobalSection(SolutionProperties) = preSolution
		HideSolutionNode = FALSE
	EndGlobalSection
EndGlobal
